
Microsoft Visual Studio Solution File, Format Version 12.00
# Visual Studio 14
VisualStudioVersion = 14.0.25420.1
MinimumVisualStudioVersion = 10.0.40219.1
Project("{FAE04EC0-301F-11D3-BF4B-00C04F79EFBC}") = "FacebookLogin.Droid", "FacebookLogin\FacebookLogin.Droid\FacebookLogin.Droid.csproj", "{221F2FBA-ED1E-4FEB-A156-420B82A0FB20}"
EndProject
Project("{FAE04EC0-301F-11D3-BF4B-00C04F79EFBC}") = "FacebookLogin.iOS", "FacebookLogin\FacebookLogin.iOS\FacebookLogin.iOS.csproj", "{F8376E21-D097-4919-9058-EBCDF59E8BB9}"
EndProject
Project("{FAE04EC0-301F-11D3-BF4B-00C04F79EFBC}") = "FacebookLogin.WinPhone", "FacebookLogin\FacebookLogin.WinPhone\FacebookLogin.WinPhone.csproj", "{D4A3951A-F93A-47BA-B389-3D63DE8EBF3E}"
EndProject
Project("{FAE04EC0-301F-11D3-BF4B-00C04F79EFBC}") = "FacebookLogin.UWP", "FacebookLogin\FacebookLogin.UWP\FacebookLogin.UWP.csproj", "{77C94DDA-A909-4F61-8EE7-25F20FDEE9CB}"
EndProject
Project("{FAE04EC0-301F-11D3-BF4B-00C04F79EFBC}") = "FacebookLogin.Windows", "FacebookLogin\FacebookLogin.Windows\FacebookLogin.Windows.csproj", "{F3740D14-91EA-4D8C-A1E1-F54BF7F3E376}"
EndProject
Project("{FAE04EC0-301F-11D3-BF4B-00C04F79EFBC}") = "FacebookLogin", "FacebookLogin\FacebookLogin\FacebookLogin.csproj", "{8FD69B2A-5DF2-4DB8-9CCC-E017B2E0192B}"
EndProject
Project("{2150E333-8FDC-42A3-9474-1A3956D46DE8}") = "Nuspec", "Nuspec", "{3D4634CE-9B23-4567-93B4-C9C0783ADB9D}"
	ProjectSection(SolutionItems) = preProject
		Plugin.Facebook.nuspec = Plugin.Facebook.nuspec
	EndProjectSection
EndProject
Global
	GlobalSection(SolutionConfigurationPlatforms) = preSolution
		Ad-Hoc|Any CPU = Ad-Hoc|Any CPU
		Ad-Hoc|ARM = Ad-Hoc|ARM
		Ad-Hoc|iPhone = Ad-Hoc|iPhone
		Ad-Hoc|iPhoneSimulator = Ad-Hoc|iPhoneSimulator
		Ad-Hoc|x64 = Ad-Hoc|x64
		Ad-Hoc|x86 = Ad-Hoc|x86
		AppStore|Any CPU = AppStore|Any CPU
		AppStore|ARM = AppStore|ARM
		AppStore|iPhone = AppStore|iPhone
		AppStore|iPhoneSimulator = AppStore|iPhoneSimulator
		AppStore|x64 = AppStore|x64
		AppStore|x86 = AppStore|x86
		Debug|Any CPU = Debug|Any CPU
		Debug|ARM = Debug|ARM
		Debug|iPhone = Debug|iPhone
		Debug|iPhoneSimulator = Debug|iPhoneSimulator
		Debug|x64 = Debug|x64
		Debug|x86 = Debug|x86
		Release|Any CPU = Release|Any CPU
		Release|ARM = Release|ARM
		Release|iPhone = Release|iPhone
		Release|iPhoneSimulator = Release|iPhoneSimulator
		Release|x64 = Release|x64
		Release|x86 = Release|x86
	EndGlobalSection
	GlobalSection(ProjectConfigurationPlatforms) = postSolution
		{221F2FBA-ED1E-4FEB-A156-420B82A0FB20}.Ad-Hoc|Any CPU.ActiveCfg = Release|Any CPU
		{221F2FBA-ED1E-4FEB-A156-420B82A0FB20}.Ad-Hoc|Any CPU.Build.0 = Release|Any CPU
		{221F2FBA-ED1E-4FEB-A156-420B82A0FB20}.Ad-Hoc|Any CPU.Deploy.0 = Release|Any CPU
		{221F2FBA-ED1E-4FEB-A156-420B82A0FB20}.Ad-Hoc|ARM.ActiveCfg = Release|Any CPU
		{221F2FBA-ED1E-4FEB-A156-420B82A0FB20}.Ad-Hoc|ARM.Build.0 = Release|Any CPU
		{221F2FBA-ED1E-4FEB-A156-420B82A0FB20}.Ad-Hoc|ARM.Deploy.0 = Release|Any CPU
		{221F2FBA-ED1E-4FEB-A156-420B82A0FB20}.Ad-Hoc|iPhone.ActiveCfg = Release|Any CPU
		{221F2FBA-ED1E-4FEB-A156-420B82A0FB20}.Ad-Hoc|iPhone.Build.0 = Release|Any CPU
		{221F2FBA-ED1E-4FEB-A156-420B82A0FB20}.Ad-Hoc|iPhone.Deploy.0 = Release|Any CPU
		{221F2FBA-ED1E-4FEB-A156-420B82A0FB20}.Ad-Hoc|iPhoneSimulator.ActiveCfg = Release|Any CPU
		{221F2FBA-ED1E-4FEB-A156-420B82A0FB20}.Ad-Hoc|iPhoneSimulator.Build.0 = Release|Any CPU
		{221F2FBA-ED1E-4FEB-A156-420B82A0FB20}.Ad-Hoc|iPhoneSimulator.Deploy.0 = Release|Any CPU
		{221F2FBA-ED1E-4FEB-A156-420B82A0FB20}.Ad-Hoc|x64.ActiveCfg = Release|Any CPU
		{221F2FBA-ED1E-4FEB-A156-420B82A0FB20}.Ad-Hoc|x64.Build.0 = Release|Any CPU
		{221F2FBA-ED1E-4FEB-A156-420B82A0FB20}.Ad-Hoc|x64.Deploy.0 = Release|Any CPU
		{221F2FBA-ED1E-4FEB-A156-420B82A0FB20}.Ad-Hoc|x86.ActiveCfg = Release|Any CPU
		{221F2FBA-ED1E-4FEB-A156-420B82A0FB20}.Ad-Hoc|x86.Build.0 = Release|Any CPU
		{221F2FBA-ED1E-4FEB-A156-420B82A0FB20}.Ad-Hoc|x86.Deploy.0 = Release|Any CPU
		{221F2FBA-ED1E-4FEB-A156-420B82A0FB20}.AppStore|Any CPU.ActiveCfg = Release|Any CPU
		{221F2FBA-ED1E-4FEB-A156-420B82A0FB20}.AppStore|Any CPU.Build.0 = Release|Any CPU
		{221F2FBA-ED1E-4FEB-A156-420B82A0FB20}.AppStore|Any CPU.Deploy.0 = Release|Any CPU
		{221F2FBA-ED1E-4FEB-A156-420B82A0FB20}.AppStore|ARM.ActiveCfg = Release|Any CPU
		{221F2FBA-ED1E-4FEB-A156-420B82A0FB20}.AppStore|ARM.Build.0 = Release|Any CPU
		{221F2FBA-ED1E-4FEB-A156-420B82A0FB20}.AppStore|ARM.Deploy.0 = Release|Any CPU
		{221F2FBA-ED1E-4FEB-A156-420B82A0FB20}.AppStore|iPhone.ActiveCfg = Release|Any CPU
		{221F2FBA-ED1E-4FEB-A156-420B82A0FB20}.AppStore|iPhone.Build.0 = Release|Any CPU
		{221F2FBA-ED1E-4FEB-A156-420B82A0FB20}.AppStore|iPhone.Deploy.0 = Release|Any CPU
		{221F2FBA-ED1E-4FEB-A156-420B82A0FB20}.AppStore|iPhoneSimulator.ActiveCfg = Release|Any CPU
		{221F2FBA-ED1E-4FEB-A156-420B82A0FB20}.AppStore|iPhoneSimulator.Build.0 = Release|Any CPU
		{221F2FBA-ED1E-4FEB-A156-420B82A0FB20}.AppStore|iPhoneSimulator.Deploy.0 = Release|Any CPU
		{221F2FBA-ED1E-4FEB-A156-420B82A0FB20}.AppStore|x64.ActiveCfg = Release|Any CPU
		{221F2FBA-ED1E-4FEB-A156-420B82A0FB20}.AppStore|x64.Build.0 = Release|Any CPU
		{221F2FBA-ED1E-4FEB-A156-420B82A0FB20}.AppStore|x64.Deploy.0 = Release|Any CPU
		{221F2FBA-ED1E-4FEB-A156-420B82A0FB20}.AppStore|x86.ActiveCfg = Release|Any CPU
		{221F2FBA-ED1E-4FEB-A156-420B82A0FB20}.AppStore|x86.Build.0 = Release|Any CPU
		{221F2FBA-ED1E-4FEB-A156-420B82A0FB20}.AppStore|x86.Deploy.0 = Release|Any CPU
		{221F2FBA-ED1E-4FEB-A156-420B82A0FB20}.Debug|Any CPU.ActiveCfg = Debug|Any CPU
		{221F2FBA-ED1E-4FEB-A156-420B82A0FB20}.Debug|Any CPU.Build.0 = Debug|Any CPU
		{221F2FBA-ED1E-4FEB-A156-420B82A0FB20}.Debug|Any CPU.Deploy.0 = Debug|Any CPU
		{221F2FBA-ED1E-4FEB-A156-420B82A0FB20}.Debug|ARM.ActiveCfg = Debug|Any CPU
		{221F2FBA-ED1E-4FEB-A156-420B82A0FB20}.Debug|ARM.Build.0 = Debug|Any CPU
		{221F2FBA-ED1E-4FEB-A156-420B82A0FB20}.Debug|ARM.Deploy.0 = Debug|Any CPU
		{221F2FBA-ED1E-4FEB-A156-420B82A0FB20}.Debug|iPhone.ActiveCfg = Debug|Any CPU
		{221F2FBA-ED1E-4FEB-A156-420B82A0FB20}.Debug|iPhone.Build.0 = Debug|Any CPU
		{221F2FBA-ED1E-4FEB-A156-420B82A0FB20}.Debug|iPhone.Deploy.0 = Debug|Any CPU
		{221F2FBA-ED1E-4FEB-A156-420B82A0FB20}.Debug|iPhoneSimulator.ActiveCfg = Debug|Any CPU
		{221F2FBA-ED1E-4FEB-A156-420B82A0FB20}.Debug|iPhoneSimulator.Build.0 = Debug|Any CPU
		{221F2FBA-ED1E-4FEB-A156-420B82A0FB20}.Debug|iPhoneSimulator.Deploy.0 = Debug|Any CPU
		{221F2FBA-ED1E-4FEB-A156-420B82A0FB20}.Debug|x64.ActiveCfg = Debug|Any CPU
		{221F2FBA-ED1E-4FEB-A156-420B82A0FB20}.Debug|x64.Build.0 = Debug|Any CPU
		{221F2FBA-ED1E-4FEB-A156-420B82A0FB20}.Debug|x64.Deploy.0 = Debug|Any CPU
		{221F2FBA-ED1E-4FEB-A156-420B82A0FB20}.Debug|x86.ActiveCfg = Debug|Any CPU
		{221F2FBA-ED1E-4FEB-A156-420B82A0FB20}.Debug|x86.Build.0 = Debug|Any CPU
		{221F2FBA-ED1E-4FEB-A156-420B82A0FB20}.Debug|x86.Deploy.0 = Debug|Any CPU
		{221F2FBA-ED1E-4FEB-A156-420B82A0FB20}.Release|Any CPU.ActiveCfg = Release|Any CPU
		{221F2FBA-ED1E-4FEB-A156-420B82A0FB20}.Release|Any CPU.Build.0 = Release|Any CPU
		{221F2FBA-ED1E-4FEB-A156-420B82A0FB20}.Release|Any CPU.Deploy.0 = Release|Any CPU
		{221F2FBA-ED1E-4FEB-A156-420B82A0FB20}.Release|ARM.ActiveCfg = Release|Any CPU
		{221F2FBA-ED1E-4FEB-A156-420B82A0FB20}.Release|ARM.Build.0 = Release|Any CPU
		{221F2FBA-ED1E-4FEB-A156-420B82A0FB20}.Release|ARM.Deploy.0 = Release|Any CPU
		{221F2FBA-ED1E-4FEB-A156-420B82A0FB20}.Release|iPhone.ActiveCfg = Release|Any CPU
		{221F2FBA-ED1E-4FEB-A156-420B82A0FB20}.Release|iPhone.Build.0 = Release|Any CPU
		{221F2FBA-ED1E-4FEB-A156-420B82A0FB20}.Release|iPhone.Deploy.0 = Release|Any CPU
		{221F2FBA-ED1E-4FEB-A156-420B82A0FB20}.Release|iPhoneSimulator.ActiveCfg = Release|Any CPU
		{221F2FBA-ED1E-4FEB-A156-420B82A0FB20}.Release|iPhoneSimulator.Build.0 = Release|Any CPU
		{221F2FBA-ED1E-4FEB-A156-420B82A0FB20}.Release|iPhoneSimulator.Deploy.0 = Release|Any CPU
		{221F2FBA-ED1E-4FEB-A156-420B82A0FB20}.Release|x64.ActiveCfg = Release|Any CPU
		{221F2FBA-ED1E-4FEB-A156-420B82A0FB20}.Release|x64.Build.0 = Release|Any CPU
		{221F2FBA-ED1E-4FEB-A156-420B82A0FB20}.Release|x64.Deploy.0 = Release|Any CPU
		{221F2FBA-ED1E-4FEB-A156-420B82A0FB20}.Release|x86.ActiveCfg = Release|Any CPU
		{221F2FBA-ED1E-4FEB-A156-420B82A0FB20}.Release|x86.Build.0 = Release|Any CPU
		{221F2FBA-ED1E-4FEB-A156-420B82A0FB20}.Release|x86.Deploy.0 = Release|Any CPU
		{F8376E21-D097-4919-9058-EBCDF59E8BB9}.Ad-Hoc|Any CPU.ActiveCfg = Ad-Hoc|iPhone
		{F8376E21-D097-4919-9058-EBCDF59E8BB9}.Ad-Hoc|ARM.ActiveCfg = Ad-Hoc|iPhone
		{F8376E21-D097-4919-9058-EBCDF59E8BB9}.Ad-Hoc|iPhone.ActiveCfg = Ad-Hoc|iPhone
		{F8376E21-D097-4919-9058-EBCDF59E8BB9}.Ad-Hoc|iPhone.Build.0 = Ad-Hoc|iPhone
		{F8376E21-D097-4919-9058-EBCDF59E8BB9}.Ad-Hoc|iPhoneSimulator.ActiveCfg = Ad-Hoc|iPhoneSimulator
		{F8376E21-D097-4919-9058-EBCDF59E8BB9}.Ad-Hoc|iPhoneSimulator.Build.0 = Ad-Hoc|iPhoneSimulator
		{F8376E21-D097-4919-9058-EBCDF59E8BB9}.Ad-Hoc|x64.ActiveCfg = Ad-Hoc|iPhone
		{F8376E21-D097-4919-9058-EBCDF59E8BB9}.Ad-Hoc|x86.ActiveCfg = Ad-Hoc|iPhone
		{F8376E21-D097-4919-9058-EBCDF59E8BB9}.AppStore|Any CPU.ActiveCfg = AppStore|iPhone
		{F8376E21-D097-4919-9058-EBCDF59E8BB9}.AppStore|ARM.ActiveCfg = AppStore|iPhone
		{F8376E21-D097-4919-9058-EBCDF59E8BB9}.AppStore|iPhone.ActiveCfg = AppStore|iPhone
		{F8376E21-D097-4919-9058-EBCDF59E8BB9}.AppStore|iPhone.Build.0 = AppStore|iPhone
		{F8376E21-D097-4919-9058-EBCDF59E8BB9}.AppStore|iPhoneSimulator.ActiveCfg = AppStore|iPhoneSimulator
		{F8376E21-D097-4919-9058-EBCDF59E8BB9}.AppStore|iPhoneSimulator.Build.0 = AppStore|iPhoneSimulator
		{F8376E21-D097-4919-9058-EBCDF59E8BB9}.AppStore|x64.ActiveCfg = AppStore|iPhone
		{F8376E21-D097-4919-9058-EBCDF59E8BB9}.AppStore|x86.ActiveCfg = AppStore|iPhone
		{F8376E21-D097-4919-9058-EBCDF59E8BB9}.Debug|Any CPU.ActiveCfg = Debug|iPhone
		{F8376E21-D097-4919-9058-EBCDF59E8BB9}.Debug|ARM.ActiveCfg = Debug|iPhone
		{F8376E21-D097-4919-9058-EBCDF59E8BB9}.Debug|iPhone.ActiveCfg = Debug|iPhone
		{F8376E21-D097-4919-9058-EBCDF59E8BB9}.Debug|iPhone.Build.0 = Debug|iPhone
		{F8376E21-D097-4919-9058-EBCDF59E8BB9}.Debug|iPhoneSimulator.ActiveCfg = Debug|iPhoneSimulator
		{F8376E21-D097-4919-9058-EBCDF59E8BB9}.Debug|iPhoneSimulator.Build.0 = Debug|iPhoneSimulator
		{F8376E21-D097-4919-9058-EBCDF59E8BB9}.Debug|x64.ActiveCfg = Debug|iPhone
		{F8376E21-D097-4919-9058-EBCDF59E8BB9}.Debug|x86.ActiveCfg = Debug|iPhone
		{F8376E21-D097-4919-9058-EBCDF59E8BB9}.Release|Any CPU.ActiveCfg = Release|iPhone
		{F8376E21-D097-4919-9058-EBCDF59E8BB9}.Release|ARM.ActiveCfg = Release|iPhone
		{F8376E21-D097-4919-9058-EBCDF59E8BB9}.Release|iPhone.ActiveCfg = Release|iPhone
		{F8376E21-D097-4919-9058-EBCDF59E8BB9}.Release|iPhone.Build.0 = Release|iPhone
		{F8376E21-D097-4919-9058-EBCDF59E8BB9}.Release|iPhoneSimulator.ActiveCfg = Release|iPhoneSimulator
		{F8376E21-D097-4919-9058-EBCDF59E8BB9}.Release|iPhoneSimulator.Build.0 = Release|iPhoneSimulator
		{F8376E21-D097-4919-9058-EBCDF59E8BB9}.Release|x64.ActiveCfg = Release|iPhone
		{F8376E21-D097-4919-9058-EBCDF59E8BB9}.Release|x86.ActiveCfg = Release|iPhone
		{D4A3951A-F93A-47BA-B389-3D63DE8EBF3E}.Ad-Hoc|Any CPU.ActiveCfg = Release|Any CPU
		{D4A3951A-F93A-47BA-B389-3D63DE8EBF3E}.Ad-Hoc|Any CPU.Build.0 = Release|Any CPU
		{D4A3951A-F93A-47BA-B389-3D63DE8EBF3E}.Ad-Hoc|Any CPU.Deploy.0 = Release|Any CPU
		{D4A3951A-F93A-47BA-B389-3D63DE8EBF3E}.Ad-Hoc|ARM.ActiveCfg = Release|ARM
		{D4A3951A-F93A-47BA-B389-3D63DE8EBF3E}.Ad-Hoc|ARM.Build.0 = Release|ARM
		{D4A3951A-F93A-47BA-B389-3D63DE8EBF3E}.Ad-Hoc|ARM.Deploy.0 = Release|ARM
		{D4A3951A-F93A-47BA-B389-3D63DE8EBF3E}.Ad-Hoc|iPhone.ActiveCfg = Release|Any CPU
		{D4A3951A-F93A-47BA-B389-3D63DE8EBF3E}.Ad-Hoc|iPhone.Build.0 = Release|Any CPU
		{D4A3951A-F93A-47BA-B389-3D63DE8EBF3E}.Ad-Hoc|iPhone.Deploy.0 = Release|Any CPU
		{D4A3951A-F93A-47BA-B389-3D63DE8EBF3E}.Ad-Hoc|iPhoneSimulator.ActiveCfg = Release|Any CPU
		{D4A3951A-F93A-47BA-B389-3D63DE8EBF3E}.Ad-Hoc|iPhoneSimulator.Build.0 = Release|Any CPU
		{D4A3951A-F93A-47BA-B389-3D63DE8EBF3E}.Ad-Hoc|iPhoneSimulator.Deploy.0 = Release|Any CPU
		{D4A3951A-F93A-47BA-B389-3D63DE8EBF3E}.Ad-Hoc|x64.ActiveCfg = Release|Any CPU
		{D4A3951A-F93A-47BA-B389-3D63DE8EBF3E}.Ad-Hoc|x64.Build.0 = Release|Any CPU
		{D4A3951A-F93A-47BA-B389-3D63DE8EBF3E}.Ad-Hoc|x64.Deploy.0 = Release|Any CPU
		{D4A3951A-F93A-47BA-B389-3D63DE8EBF3E}.Ad-Hoc|x86.ActiveCfg = Release|x86
		{D4A3951A-F93A-47BA-B389-3D63DE8EBF3E}.Ad-Hoc|x86.Build.0 = Release|x86
		{D4A3951A-F93A-47BA-B389-3D63DE8EBF3E}.Ad-Hoc|x86.Deploy.0 = Release|x86
		{D4A3951A-F93A-47BA-B389-3D63DE8EBF3E}.AppStore|Any CPU.ActiveCfg = Release|Any CPU
		{D4A3951A-F93A-47BA-B389-3D63DE8EBF3E}.AppStore|Any CPU.Build.0 = Release|Any CPU
		{D4A3951A-F93A-47BA-B389-3D63DE8EBF3E}.AppStore|Any CPU.Deploy.0 = Release|Any CPU
		{D4A3951A-F93A-47BA-B389-3D63DE8EBF3E}.AppStore|ARM.ActiveCfg = Release|ARM
		{D4A3951A-F93A-47BA-B389-3D63DE8EBF3E}.AppStore|ARM.Build.0 = Release|ARM
		{D4A3951A-F93A-47BA-B389-3D63DE8EBF3E}.AppStore|ARM.Deploy.0 = Release|ARM
		{D4A3951A-F93A-47BA-B389-3D63DE8EBF3E}.AppStore|iPhone.ActiveCfg = Release|Any CPU
		{D4A3951A-F93A-47BA-B389-3D63DE8EBF3E}.AppStore|iPhone.Build.0 = Release|Any CPU
		{D4A3951A-F93A-47BA-B389-3D63DE8EBF3E}.AppStore|iPhone.Deploy.0 = Release|Any CPU
		{D4A3951A-F93A-47BA-B389-3D63DE8EBF3E}.AppStore|iPhoneSimulator.ActiveCfg = Release|Any CPU
		{D4A3951A-F93A-47BA-B389-3D63DE8EBF3E}.AppStore|iPhoneSimulator.Build.0 = Release|Any CPU
		{D4A3951A-F93A-47BA-B389-3D63DE8EBF3E}.AppStore|iPhoneSimulator.Deploy.0 = Release|Any CPU
		{D4A3951A-F93A-47BA-B389-3D63DE8EBF3E}.AppStore|x64.ActiveCfg = Release|Any CPU
		{D4A3951A-F93A-47BA-B389-3D63DE8EBF3E}.AppStore|x64.Build.0 = Release|Any CPU
		{D4A3951A-F93A-47BA-B389-3D63DE8EBF3E}.AppStore|x64.Deploy.0 = Release|Any CPU
		{D4A3951A-F93A-47BA-B389-3D63DE8EBF3E}.AppStore|x86.ActiveCfg = Release|x86
		{D4A3951A-F93A-47BA-B389-3D63DE8EBF3E}.AppStore|x86.Build.0 = Release|x86
		{D4A3951A-F93A-47BA-B389-3D63DE8EBF3E}.AppStore|x86.Deploy.0 = Release|x86
		{D4A3951A-F93A-47BA-B389-3D63DE8EBF3E}.Debug|Any CPU.ActiveCfg = Debug|Any CPU
		{D4A3951A-F93A-47BA-B389-3D63DE8EBF3E}.Debug|Any CPU.Build.0 = Debug|Any CPU
		{D4A3951A-F93A-47BA-B389-3D63DE8EBF3E}.Debug|Any CPU.Deploy.0 = Debug|Any CPU
		{D4A3951A-F93A-47BA-B389-3D63DE8EBF3E}.Debug|ARM.ActiveCfg = Debug|ARM
		{D4A3951A-F93A-47BA-B389-3D63DE8EBF3E}.Debug|ARM.Build.0 = Debug|ARM
		{D4A3951A-F93A-47BA-B389-3D63DE8EBF3E}.Debug|ARM.Deploy.0 = Debug|ARM
		{D4A3951A-F93A-47BA-B389-3D63DE8EBF3E}.Debug|iPhone.ActiveCfg = Debug|Any CPU
		{D4A3951A-F93A-47BA-B389-3D63DE8EBF3E}.Debug|iPhone.Build.0 = Debug|Any CPU
		{D4A3951A-F93A-47BA-B389-3D63DE8EBF3E}.Debug|iPhone.Deploy.0 = Debug|Any CPU
		{D4A3951A-F93A-47BA-B389-3D63DE8EBF3E}.Debug|iPhoneSimulator.ActiveCfg = Debug|Any CPU
		{D4A3951A-F93A-47BA-B389-3D63DE8EBF3E}.Debug|iPhoneSimulator.Build.0 = Debug|Any CPU
		{D4A3951A-F93A-47BA-B389-3D63DE8EBF3E}.Debug|iPhoneSimulator.Deploy.0 = Debug|Any CPU
		{D4A3951A-F93A-47BA-B389-3D63DE8EBF3E}.Debug|x64.ActiveCfg = Debug|Any CPU
		{D4A3951A-F93A-47BA-B389-3D63DE8EBF3E}.Debug|x64.Build.0 = Debug|Any CPU
		{D4A3951A-F93A-47BA-B389-3D63DE8EBF3E}.Debug|x64.Deploy.0 = Debug|Any CPU
		{D4A3951A-F93A-47BA-B389-3D63DE8EBF3E}.Debug|x86.ActiveCfg = Debug|x86
		{D4A3951A-F93A-47BA-B389-3D63DE8EBF3E}.Debug|x86.Build.0 = Debug|x86
		{D4A3951A-F93A-47BA-B389-3D63DE8EBF3E}.Debug|x86.Deploy.0 = Debug|x86
		{D4A3951A-F93A-47BA-B389-3D63DE8EBF3E}.Release|Any CPU.ActiveCfg = Release|Any CPU
		{D4A3951A-F93A-47BA-B389-3D63DE8EBF3E}.Release|Any CPU.Build.0 = Release|Any CPU
		{D4A3951A-F93A-47BA-B389-3D63DE8EBF3E}.Release|Any CPU.Deploy.0 = Release|Any CPU
		{D4A3951A-F93A-47BA-B389-3D63DE8EBF3E}.Release|ARM.ActiveCfg = Release|ARM
		{D4A3951A-F93A-47BA-B389-3D63DE8EBF3E}.Release|ARM.Build.0 = Release|ARM
		{D4A3951A-F93A-47BA-B389-3D63DE8EBF3E}.Release|ARM.Deploy.0 = Release|ARM
		{D4A3951A-F93A-47BA-B389-3D63DE8EBF3E}.Release|iPhone.ActiveCfg = Release|Any CPU
		{D4A3951A-F93A-47BA-B389-3D63DE8EBF3E}.Release|iPhone.Build.0 = Release|Any CPU
		{D4A3951A-F93A-47BA-B389-3D63DE8EBF3E}.Release|iPhone.Deploy.0 = Release|Any CPU
		{D4A3951A-F93A-47BA-B389-3D63DE8EBF3E}.Release|iPhoneSimulator.ActiveCfg = Release|Any CPU
		{D4A3951A-F93A-47BA-B389-3D63DE8EBF3E}.Release|iPhoneSimulator.Build.0 = Release|Any CPU
		{D4A3951A-F93A-47BA-B389-3D63DE8EBF3E}.Release|iPhoneSimulator.Deploy.0 = Release|Any CPU
		{D4A3951A-F93A-47BA-B389-3D63DE8EBF3E}.Release|x64.ActiveCfg = Release|Any CPU
		{D4A3951A-F93A-47BA-B389-3D63DE8EBF3E}.Release|x64.Build.0 = Release|Any CPU
		{D4A3951A-F93A-47BA-B389-3D63DE8EBF3E}.Release|x64.Deploy.0 = Release|Any CPU
		{D4A3951A-F93A-47BA-B389-3D63DE8EBF3E}.Release|x86.ActiveCfg = Release|x86
		{D4A3951A-F93A-47BA-B389-3D63DE8EBF3E}.Release|x86.Build.0 = Release|x86
		{D4A3951A-F93A-47BA-B389-3D63DE8EBF3E}.Release|x86.Deploy.0 = Release|x86
		{77C94DDA-A909-4F61-8EE7-25F20FDEE9CB}.Ad-Hoc|Any CPU.ActiveCfg = Release|x86
		{77C94DDA-A909-4F61-8EE7-25F20FDEE9CB}.Ad-Hoc|Any CPU.Build.0 = Release|x86
		{77C94DDA-A909-4F61-8EE7-25F20FDEE9CB}.Ad-Hoc|Any CPU.Deploy.0 = Release|x86
		{77C94DDA-A909-4F61-8EE7-25F20FDEE9CB}.Ad-Hoc|ARM.ActiveCfg = Release|ARM
		{77C94DDA-A909-4F61-8EE7-25F20FDEE9CB}.Ad-Hoc|ARM.Build.0 = Release|ARM
		{77C94DDA-A909-4F61-8EE7-25F20FDEE9CB}.Ad-Hoc|ARM.Deploy.0 = Release|ARM
		{77C94DDA-A909-4F61-8EE7-25F20FDEE9CB}.Ad-Hoc|iPhone.ActiveCfg = Release|x86
		{77C94DDA-A909-4F61-8EE7-25F20FDEE9CB}.Ad-Hoc|iPhone.Build.0 = Release|x86
		{77C94DDA-A909-4F61-8EE7-25F20FDEE9CB}.Ad-Hoc|iPhone.Deploy.0 = Release|x86
		{77C94DDA-A909-4F61-8EE7-25F20FDEE9CB}.Ad-Hoc|iPhoneSimulator.ActiveCfg = Release|x86
		{77C94DDA-A909-4F61-8EE7-25F20FDEE9CB}.Ad-Hoc|iPhoneSimulator.Build.0 = Release|x86
		{77C94DDA-A909-4F61-8EE7-25F20FDEE9CB}.Ad-Hoc|iPhoneSimulator.Deploy.0 = Release|x86
		{77C94DDA-A909-4F61-8EE7-25F20FDEE9CB}.Ad-Hoc|x64.ActiveCfg = Release|x64
		{77C94DDA-A909-4F61-8EE7-25F20FDEE9CB}.Ad-Hoc|x64.Build.0 = Release|x64
		{77C94DDA-A909-4F61-8EE7-25F20FDEE9CB}.Ad-Hoc|x64.Deploy.0 = Release|x64
		{77C94DDA-A909-4F61-8EE7-25F20FDEE9CB}.Ad-Hoc|x86.ActiveCfg = Release|x86
		{77C94DDA-A909-4F61-8EE7-25F20FDEE9CB}.Ad-Hoc|x86.Build.0 = Release|x86
		{77C94DDA-A909-4F61-8EE7-25F20FDEE9CB}.Ad-Hoc|x86.Deploy.0 = Release|x86
		{77C94DDA-A909-4F61-8EE7-25F20FDEE9CB}.AppStore|Any CPU.ActiveCfg = Release|x86
		{77C94DDA-A909-4F61-8EE7-25F20FDEE9CB}.AppStore|Any CPU.Build.0 = Release|x86
		{77C94DDA-A909-4F61-8EE7-25F20FDEE9CB}.AppStore|Any CPU.Deploy.0 = Release|x86
		{77C94DDA-A909-4F61-8EE7-25F20FDEE9CB}.AppStore|ARM.ActiveCfg = Release|ARM
		{77C94DDA-A909-4F61-8EE7-25F20FDEE9CB}.AppStore|ARM.Build.0 = Release|ARM
		{77C94DDA-A909-4F61-8EE7-25F20FDEE9CB}.AppStore|ARM.Deploy.0 = Release|ARM
		{77C94DDA-A909-4F61-8EE7-25F20FDEE9CB}.AppStore|iPhone.ActiveCfg = Release|x86
		{77C94DDA-A909-4F61-8EE7-25F20FDEE9CB}.AppStore|iPhone.Build.0 = Release|x86
		{77C94DDA-A909-4F61-8EE7-25F20FDEE9CB}.AppStore|iPhone.Deploy.0 = Release|x86
		{77C94DDA-A909-4F61-8EE7-25F20FDEE9CB}.AppStore|iPhoneSimulator.ActiveCfg = Release|x86
		{77C94DDA-A909-4F61-8EE7-25F20FDEE9CB}.AppStore|iPhoneSimulator.Build.0 = Release|x86
		{77C94DDA-A909-4F61-8EE7-25F20FDEE9CB}.AppStore|iPhoneSimulator.Deploy.0 = Release|x86
		{77C94DDA-A909-4F61-8EE7-25F20FDEE9CB}.AppStore|x64.ActiveCfg = Release|x64
		{77C94DDA-A909-4F61-8EE7-25F20FDEE9CB}.AppStore|x64.Build.0 = Release|x64
		{77C94DDA-A909-4F61-8EE7-25F20FDEE9CB}.AppStore|x64.Deploy.0 = Release|x64
		{77C94DDA-A909-4F61-8EE7-25F20FDEE9CB}.AppStore|x86.ActiveCfg = Release|x86
		{77C94DDA-A909-4F61-8EE7-25F20FDEE9CB}.AppStore|x86.Build.0 = Release|x86
		{77C94DDA-A909-4F61-8EE7-25F20FDEE9CB}.AppStore|x86.Deploy.0 = Release|x86
		{77C94DDA-A909-4F61-8EE7-25F20FDEE9CB}.Debug|Any CPU.ActiveCfg = Debug|x86
		{77C94DDA-A909-4F61-8EE7-25F20FDEE9CB}.Debug|ARM.ActiveCfg = Debug|ARM
		{77C94DDA-A909-4F61-8EE7-25F20FDEE9CB}.Debug|ARM.Build.0 = Debug|ARM
		{77C94DDA-A909-4F61-8EE7-25F20FDEE9CB}.Debug|ARM.Deploy.0 = Debug|ARM
		{77C94DDA-A909-4F61-8EE7-25F20FDEE9CB}.Debug|iPhone.ActiveCfg = Debug|x86
		{77C94DDA-A909-4F61-8EE7-25F20FDEE9CB}.Debug|iPhoneSimulator.ActiveCfg = Debug|x86
		{77C94DDA-A909-4F61-8EE7-25F20FDEE9CB}.Debug|x64.ActiveCfg = Debug|x64
		{77C94DDA-A909-4F61-8EE7-25F20FDEE9CB}.Debug|x64.Build.0 = Debug|x64
		{77C94DDA-A909-4F61-8EE7-25F20FDEE9CB}.Debug|x64.Deploy.0 = Debug|x64
		{77C94DDA-A909-4F61-8EE7-25F20FDEE9CB}.Debug|x86.ActiveCfg = Debug|x86
		{77C94DDA-A909-4F61-8EE7-25F20FDEE9CB}.Debug|x86.Build.0 = Debug|x86
		{77C94DDA-A909-4F61-8EE7-25F20FDEE9CB}.Debug|x86.Deploy.0 = Debug|x86
		{77C94DDA-A909-4F61-8EE7-25F20FDEE9CB}.Release|Any CPU.ActiveCfg = Release|x86
		{77C94DDA-A909-4F61-8EE7-25F20FDEE9CB}.Release|ARM.ActiveCfg = Release|ARM
		{77C94DDA-A909-4F61-8EE7-25F20FDEE9CB}.Release|ARM.Build.0 = Release|ARM
		{77C94DDA-A909-4F61-8EE7-25F20FDEE9CB}.Release|ARM.Deploy.0 = Release|ARM
		{77C94DDA-A909-4F61-8EE7-25F20FDEE9CB}.Release|iPhone.ActiveCfg = Release|x86
		{77C94DDA-A909-4F61-8EE7-25F20FDEE9CB}.Release|iPhoneSimulator.ActiveCfg = Release|x86
		{77C94DDA-A909-4F61-8EE7-25F20FDEE9CB}.Release|x64.ActiveCfg = Release|x64
		{77C94DDA-A909-4F61-8EE7-25F20FDEE9CB}.Release|x64.Build.0 = Release|x64
		{77C94DDA-A909-4F61-8EE7-25F20FDEE9CB}.Release|x64.Deploy.0 = Release|x64
		{77C94DDA-A909-4F61-8EE7-25F20FDEE9CB}.Release|x86.ActiveCfg = Release|x86
		{77C94DDA-A909-4F61-8EE7-25F20FDEE9CB}.Release|x86.Build.0 = Release|x86
		{77C94DDA-A909-4F61-8EE7-25F20FDEE9CB}.Release|x86.Deploy.0 = Release|x86
		{F3740D14-91EA-4D8C-A1E1-F54BF7F3E376}.Ad-Hoc|Any CPU.ActiveCfg = Release|Any CPU
		{F3740D14-91EA-4D8C-A1E1-F54BF7F3E376}.Ad-Hoc|Any CPU.Build.0 = Release|Any CPU
		{F3740D14-91EA-4D8C-A1E1-F54BF7F3E376}.Ad-Hoc|Any CPU.Deploy.0 = Release|Any CPU
		{F3740D14-91EA-4D8C-A1E1-F54BF7F3E376}.Ad-Hoc|ARM.ActiveCfg = Release|ARM
		{F3740D14-91EA-4D8C-A1E1-F54BF7F3E376}.Ad-Hoc|ARM.Build.0 = Release|ARM
		{F3740D14-91EA-4D8C-A1E1-F54BF7F3E376}.Ad-Hoc|ARM.Deploy.0 = Release|ARM
		{F3740D14-91EA-4D8C-A1E1-F54BF7F3E376}.Ad-Hoc|iPhone.ActiveCfg = Release|Any CPU
		{F3740D14-91EA-4D8C-A1E1-F54BF7F3E376}.Ad-Hoc|iPhone.Build.0 = Release|Any CPU
		{F3740D14-91EA-4D8C-A1E1-F54BF7F3E376}.Ad-Hoc|iPhone.Deploy.0 = Release|Any CPU
		{F3740D14-91EA-4D8C-A1E1-F54BF7F3E376}.Ad-Hoc|iPhoneSimulator.ActiveCfg = Release|Any CPU
		{F3740D14-91EA-4D8C-A1E1-F54BF7F3E376}.Ad-Hoc|iPhoneSimulator.Build.0 = Release|Any CPU
		{F3740D14-91EA-4D8C-A1E1-F54BF7F3E376}.Ad-Hoc|iPhoneSimulator.Deploy.0 = Release|Any CPU
		{F3740D14-91EA-4D8C-A1E1-F54BF7F3E376}.Ad-Hoc|x64.ActiveCfg = Release|x64
		{F3740D14-91EA-4D8C-A1E1-F54BF7F3E376}.Ad-Hoc|x64.Build.0 = Release|x64
		{F3740D14-91EA-4D8C-A1E1-F54BF7F3E376}.Ad-Hoc|x64.Deploy.0 = Release|x64
		{F3740D14-91EA-4D8C-A1E1-F54BF7F3E376}.Ad-Hoc|x86.ActiveCfg = Release|x86
		{F3740D14-91EA-4D8C-A1E1-F54BF7F3E376}.Ad-Hoc|x86.Build.0 = Release|x86
		{F3740D14-91EA-4D8C-A1E1-F54BF7F3E376}.Ad-Hoc|x86.Deploy.0 = Release|x86
		{F3740D14-91EA-4D8C-A1E1-F54BF7F3E376}.AppStore|Any CPU.ActiveCfg = Release|Any CPU
		{F3740D14-91EA-4D8C-A1E1-F54BF7F3E376}.AppStore|Any CPU.Build.0 = Release|Any CPU
		{F3740D14-91EA-4D8C-A1E1-F54BF7F3E376}.AppStore|Any CPU.Deploy.0 = Release|Any CPU
		{F3740D14-91EA-4D8C-A1E1-F54BF7F3E376}.AppStore|ARM.ActiveCfg = Release|ARM
		{F3740D14-91EA-4D8C-A1E1-F54BF7F3E376}.AppStore|ARM.Build.0 = Release|ARM
		{F3740D14-91EA-4D8C-A1E1-F54BF7F3E376}.AppStore|ARM.Deploy.0 = Release|ARM
		{F3740D14-91EA-4D8C-A1E1-F54BF7F3E376}.AppStore|iPhone.ActiveCfg = Release|Any CPU
		{F3740D14-91EA-4D8C-A1E1-F54BF7F3E376}.AppStore|iPhone.Build.0 = Release|Any CPU
		{F3740D14-91EA-4D8C-A1E1-F54BF7F3E376}.AppStore|iPhone.Deploy.0 = Release|Any CPU
		{F3740D14-91EA-4D8C-A1E1-F54BF7F3E376}.AppStore|iPhoneSimulator.ActiveCfg = Release|Any CPU
		{F3740D14-91EA-4D8C-A1E1-F54BF7F3E376}.AppStore|iPhoneSimulator.Build.0 = Release|Any CPU
		{F3740D14-91EA-4D8C-A1E1-F54BF7F3E376}.AppStore|iPhoneSimulator.Deploy.0 = Release|Any CPU
		{F3740D14-91EA-4D8C-A1E1-F54BF7F3E376}.AppStore|x64.ActiveCfg = Release|x64
		{F3740D14-91EA-4D8C-A1E1-F54BF7F3E376}.AppStore|x64.Build.0 = Release|x64
		{F3740D14-91EA-4D8C-A1E1-F54BF7F3E376}.AppStore|x64.Deploy.0 = Release|x64
		{F3740D14-91EA-4D8C-A1E1-F54BF7F3E376}.AppStore|x86.ActiveCfg = Release|x86
		{F3740D14-91EA-4D8C-A1E1-F54BF7F3E376}.AppStore|x86.Build.0 = Release|x86
		{F3740D14-91EA-4D8C-A1E1-F54BF7F3E376}.AppStore|x86.Deploy.0 = Release|x86
		{F3740D14-91EA-4D8C-A1E1-F54BF7F3E376}.Debug|Any CPU.ActiveCfg = Debug|Any CPU
		{F3740D14-91EA-4D8C-A1E1-F54BF7F3E376}.Debug|Any CPU.Build.0 = Debug|Any CPU
		{F3740D14-91EA-4D8C-A1E1-F54BF7F3E376}.Debug|Any CPU.Deploy.0 = Debug|Any CPU
		{F3740D14-91EA-4D8C-A1E1-F54BF7F3E376}.Debug|ARM.ActiveCfg = Debug|ARM
		{F3740D14-91EA-4D8C-A1E1-F54BF7F3E376}.Debug|ARM.Build.0 = Debug|ARM
		{F3740D14-91EA-4D8C-A1E1-F54BF7F3E376}.Debug|ARM.Deploy.0 = Debug|ARM
		{F3740D14-91EA-4D8C-A1E1-F54BF7F3E376}.Debug|iPhone.ActiveCfg = Debug|Any CPU
		{F3740D14-91EA-4D8C-A1E1-F54BF7F3E376}.Debug|iPhone.Build.0 = Debug|Any CPU
		{F3740D14-91EA-4D8C-A1E1-F54BF7F3E376}.Debug|iPhone.Deploy.0 = Debug|Any CPU
		{F3740D14-91EA-4D8C-A1E1-F54BF7F3E376}.Debug|iPhoneSimulator.ActiveCfg = Debug|Any CPU
		{F3740D14-91EA-4D8C-A1E1-F54BF7F3E376}.Debug|iPhoneSimulator.Build.0 = Debug|Any CPU
		{F3740D14-91EA-4D8C-A1E1-F54BF7F3E376}.Debug|iPhoneSimulator.Deploy.0 = Debug|Any CPU
		{F3740D14-91EA-4D8C-A1E1-F54BF7F3E376}.Debug|x64.ActiveCfg = Debug|x64
		{F3740D14-91EA-4D8C-A1E1-F54BF7F3E376}.Debug|x64.Build.0 = Debug|x64
		{F3740D14-91EA-4D8C-A1E1-F54BF7F3E376}.Debug|x64.Deploy.0 = Debug|x64
		{F3740D14-91EA-4D8C-A1E1-F54BF7F3E376}.Debug|x86.ActiveCfg = Debug|x86
		{F3740D14-91EA-4D8C-A1E1-F54BF7F3E376}.Debug|x86.Build.0 = Debug|x86
		{F3740D14-91EA-4D8C-A1E1-F54BF7F3E376}.Debug|x86.Deploy.0 = Debug|x86
		{F3740D14-91EA-4D8C-A1E1-F54BF7F3E376}.Release|Any CPU.ActiveCfg = Release|Any CPU
		{F3740D14-91EA-4D8C-A1E1-F54BF7F3E376}.Release|Any CPU.Build.0 = Release|Any CPU
		{F3740D14-91EA-4D8C-A1E1-F54BF7F3E376}.Release|Any CPU.Deploy.0 = Release|Any CPU
		{F3740D14-91EA-4D8C-A1E1-F54BF7F3E376}.Release|ARM.ActiveCfg = Release|ARM
		{F3740D14-91EA-4D8C-A1E1-F54BF7F3E376}.Release|ARM.Build.0 = Release|ARM
		{F3740D14-91EA-4D8C-A1E1-F54BF7F3E376}.Release|ARM.Deploy.0 = Release|ARM
		{F3740D14-91EA-4D8C-A1E1-F54BF7F3E376}.Release|iPhone.ActiveCfg = Release|Any CPU
		{F3740D14-91EA-4D8C-A1E1-F54BF7F3E376}.Release|iPhone.Build.0 = Release|Any CPU
		{F3740D14-91EA-4D8C-A1E1-F54BF7F3E376}.Release|iPhone.Deploy.0 = Release|Any CPU
		{F3740D14-91EA-4D8C-A1E1-F54BF7F3E376}.Release|iPhoneSimulator.ActiveCfg = Release|Any CPU
		{F3740D14-91EA-4D8C-A1E1-F54BF7F3E376}.Release|iPhoneSimulator.Build.0 = Release|Any CPU
		{F3740D14-91EA-4D8C-A1E1-F54BF7F3E376}.Release|iPhoneSimulator.Deploy.0 = Release|Any CPU
		{F3740D14-91EA-4D8C-A1E1-F54BF7F3E376}.Release|x64.ActiveCfg = Release|x64
		{F3740D14-91EA-4D8C-A1E1-F54BF7F3E376}.Release|x64.Build.0 = Release|x64
		{F3740D14-91EA-4D8C-A1E1-F54BF7F3E376}.Release|x64.Deploy.0 = Release|x64
		{F3740D14-91EA-4D8C-A1E1-F54BF7F3E376}.Release|x86.ActiveCfg = Release|x86
		{F3740D14-91EA-4D8C-A1E1-F54BF7F3E376}.Release|x86.Build.0 = Release|x86
		{F3740D14-91EA-4D8C-A1E1-F54BF7F3E376}.Release|x86.Deploy.0 = Release|x86
		{8FD69B2A-5DF2-4DB8-9CCC-E017B2E0192B}.Ad-Hoc|Any CPU.ActiveCfg = Release|Any CPU
		{8FD69B2A-5DF2-4DB8-9CCC-E017B2E0192B}.Ad-Hoc|Any CPU.Build.0 = Release|Any CPU
		{8FD69B2A-5DF2-4DB8-9CCC-E017B2E0192B}.Ad-Hoc|ARM.ActiveCfg = Release|Any CPU
		{8FD69B2A-5DF2-4DB8-9CCC-E017B2E0192B}.Ad-Hoc|ARM.Build.0 = Release|Any CPU
		{8FD69B2A-5DF2-4DB8-9CCC-E017B2E0192B}.Ad-Hoc|iPhone.ActiveCfg = Release|Any CPU
		{8FD69B2A-5DF2-4DB8-9CCC-E017B2E0192B}.Ad-Hoc|iPhone.Build.0 = Release|Any CPU
		{8FD69B2A-5DF2-4DB8-9CCC-E017B2E0192B}.Ad-Hoc|iPhoneSimulator.ActiveCfg = Release|Any CPU
		{8FD69B2A-5DF2-4DB8-9CCC-E017B2E0192B}.Ad-Hoc|iPhoneSimulator.Build.0 = Release|Any CPU
		{8FD69B2A-5DF2-4DB8-9CCC-E017B2E0192B}.Ad-Hoc|x64.ActiveCfg = Release|Any CPU
		{8FD69B2A-5DF2-4DB8-9CCC-E017B2E0192B}.Ad-Hoc|x64.Build.0 = Release|Any CPU
		{8FD69B2A-5DF2-4DB8-9CCC-E017B2E0192B}.Ad-Hoc|x86.ActiveCfg = Release|Any CPU
		{8FD69B2A-5DF2-4DB8-9CCC-E017B2E0192B}.Ad-Hoc|x86.Build.0 = Release|Any CPU
		{8FD69B2A-5DF2-4DB8-9CCC-E017B2E0192B}.AppStore|Any CPU.ActiveCfg = Release|Any CPU
		{8FD69B2A-5DF2-4DB8-9CCC-E017B2E0192B}.AppStore|Any CPU.Build.0 = Release|Any CPU
		{8FD69B2A-5DF2-4DB8-9CCC-E017B2E0192B}.AppStore|ARM.ActiveCfg = Release|Any CPU
		{8FD69B2A-5DF2-4DB8-9CCC-E017B2E0192B}.AppStore|ARM.Build.0 = Release|Any CPU
		{8FD69B2A-5DF2-4DB8-9CCC-E017B2E0192B}.AppStore|iPhone.ActiveCfg = Release|Any CPU
		{8FD69B2A-5DF2-4DB8-9CCC-E017B2E0192B}.AppStore|iPhone.Build.0 = Release|Any CPU
		{8FD69B2A-5DF2-4DB8-9CCC-E017B2E0192B}.AppStore|iPhoneSimulator.ActiveCfg = Release|Any CPU
		{8FD69B2A-5DF2-4DB8-9CCC-E017B2E0192B}.AppStore|iPhoneSimulator.Build.0 = Release|Any CPU
		{8FD69B2A-5DF2-4DB8-9CCC-E017B2E0192B}.AppStore|x64.ActiveCfg = Release|Any CPU
		{8FD69B2A-5DF2-4DB8-9CCC-E017B2E0192B}.AppStore|x64.Build.0 = Release|Any CPU
		{8FD69B2A-5DF2-4DB8-9CCC-E017B2E0192B}.AppStore|x86.ActiveCfg = Release|Any CPU
		{8FD69B2A-5DF2-4DB8-9CCC-E017B2E0192B}.AppStore|x86.Build.0 = Release|Any CPU
		{8FD69B2A-5DF2-4DB8-9CCC-E017B2E0192B}.Debug|Any CPU.ActiveCfg = Debug|Any CPU
		{8FD69B2A-5DF2-4DB8-9CCC-E017B2E0192B}.Debug|Any CPU.Build.0 = Debug|Any CPU
		{8FD69B2A-5DF2-4DB8-9CCC-E017B2E0192B}.Debug|ARM.ActiveCfg = Debug|Any CPU
		{8FD69B2A-5DF2-4DB8-9CCC-E017B2E0192B}.Debug|ARM.Build.0 = Debug|Any CPU
		{8FD69B2A-5DF2-4DB8-9CCC-E017B2E0192B}.Debug|iPhone.ActiveCfg = Debug|Any CPU
		{8FD69B2A-5DF2-4DB8-9CCC-E017B2E0192B}.Debug|iPhone.Build.0 = Debug|Any CPU
		{8FD69B2A-5DF2-4DB8-9CCC-E017B2E0192B}.Debug|iPhoneSimulator.ActiveCfg = Debug|Any CPU
		{8FD69B2A-5DF2-4DB8-9CCC-E017B2E0192B}.Debug|iPhoneSimulator.Build.0 = Debug|Any CPU
		{8FD69B2A-5DF2-4DB8-9CCC-E017B2E0192B}.Debug|x64.ActiveCfg = Debug|Any CPU
		{8FD69B2A-5DF2-4DB8-9CCC-E017B2E0192B}.Debug|x64.Build.0 = Debug|Any CPU
		{8FD69B2A-5DF2-4DB8-9CCC-E017B2E0192B}.Debug|x86.ActiveCfg = Debug|Any CPU
		{8FD69B2A-5DF2-4DB8-9CCC-E017B2E0192B}.Debug|x86.Build.0 = Debug|Any CPU
		{8FD69B2A-5DF2-4DB8-9CCC-E017B2E0192B}.Release|Any CPU.ActiveCfg = Release|Any CPU
		{8FD69B2A-5DF2-4DB8-9CCC-E017B2E0192B}.Release|Any CPU.Build.0 = Release|Any CPU
		{8FD69B2A-5DF2-4DB8-9CCC-E017B2E0192B}.Release|ARM.ActiveCfg = Release|Any CPU
		{8FD69B2A-5DF2-4DB8-9CCC-E017B2E0192B}.Release|ARM.Build.0 = Release|Any CPU
		{8FD69B2A-5DF2-4DB8-9CCC-E017B2E0192B}.Release|iPhone.ActiveCfg = Release|Any CPU
		{8FD69B2A-5DF2-4DB8-9CCC-E017B2E0192B}.Release|iPhone.Build.0 = Release|Any CPU
		{8FD69B2A-5DF2-4DB8-9CCC-E017B2E0192B}.Release|iPhoneSimulator.ActiveCfg = Release|Any CPU
		{8FD69B2A-5DF2-4DB8-9CCC-E017B2E0192B}.Release|iPhoneSimulator.Build.0 = Release|Any CPU
		{8FD69B2A-5DF2-4DB8-9CCC-E017B2E0192B}.Release|x64.ActiveCfg = Release|Any CPU
		{8FD69B2A-5DF2-4DB8-9CCC-E017B2E0192B}.Release|x64.Build.0 = Release|Any CPU
		{8FD69B2A-5DF2-4DB8-9CCC-E017B2E0192B}.Release|x86.ActiveCfg = Release|Any CPU
		{8FD69B2A-5DF2-4DB8-9CCC-E017B2E0192B}.Release|x86.Build.0 = Release|Any CPU
	EndGlobalSection
	GlobalSection(SolutionProperties) = preSolution
		HideSolutionNode = FALSE
	EndGlobalSection
EndGlobal
